// !$*UTF8*$!
{
	archiveVersion = 1;
	classes = {
	};
	objectVersion = 46;
	objects = {

/* Begin PBXBuildFile section */
		84666E341E1F54D00005D47A /* UIImage+extension.m in Sources */ = {isa = PBXBuildFile; fileRef = 84666E331E1F54D00005D47A /* UIImage+extension.m */; };
		8478E71A1E0937A8002D99D0 /* main.m in Sources */ = {isa = PBXBuildFile; fileRef = 8478E7191E0937A8002D99D0 /* main.m */; };
		8478E71D1E0937A8002D99D0 /* AppDelegate.m in Sources */ = {isa = PBXBuildFile; fileRef = 8478E71C1E0937A8002D99D0 /* AppDelegate.m */; };
		8478E7201E0937A8002D99D0 /* ViewController.m in Sources */ = {isa = PBXBuildFile; fileRef = 8478E71F1E0937A8002D99D0 /* ViewController.m */; };
		8478E7231E0937A8002D99D0 /* Main.storyboard in Resources */ = {isa = PBXBuildFile; fileRef = 8478E7211E0937A8002D99D0 /* Main.storyboard */; };
		8478E7251E0937A8002D99D0 /* Assets.xcassets in Resources */ = {isa = PBXBuildFile; fileRef = 8478E7241E0937A8002D99D0 /* Assets.xcassets */; };
		8478E7281E0937A8002D99D0 /* LaunchScreen.storyboard in Resources */ = {isa = PBXBuildFile; fileRef = 8478E7261E0937A8002D99D0 /* LaunchScreen.storyboard */; };
		8478E7551E0937FC002D99D0 /* MKAnnotationView+WebCache.m in Sources */ = {isa = PBXBuildFile; fileRef = 8478E7351E0937FC002D99D0 /* MKAnnotationView+WebCache.m */; };
		8478E7561E0937FC002D99D0 /* NSData+ImageContentType.m in Sources */ = {isa = PBXBuildFile; fileRef = 8478E7371E0937FC002D99D0 /* NSData+ImageContentType.m */; };
		8478E7571E0937FC002D99D0 /* SDImageCache.m in Sources */ = {isa = PBXBuildFile; fileRef = 8478E7391E0937FC002D99D0 /* SDImageCache.m */; };
		8478E7581E0937FC002D99D0 /* SDWebImageCompat.m in Sources */ = {isa = PBXBuildFile; fileRef = 8478E73B1E0937FC002D99D0 /* SDWebImageCompat.m */; };
		8478E7591E0937FC002D99D0 /* SDWebImageDecoder.m in Sources */ = {isa = PBXBuildFile; fileRef = 8478E73D1E0937FC002D99D0 /* SDWebImageDecoder.m */; };
		8478E75A1E0937FC002D99D0 /* SDWebImageDownloader.m in Sources */ = {isa = PBXBuildFile; fileRef = 8478E73F1E0937FC002D99D0 /* SDWebImageDownloader.m */; };
		8478E75B1E0937FC002D99D0 /* SDWebImageDownloaderOperation.m in Sources */ = {isa = PBXBuildFile; fileRef = 8478E7411E0937FC002D99D0 /* SDWebImageDownloaderOperation.m */; };
		8478E75C1E0937FC002D99D0 /* SDWebImageManager.m in Sources */ = {isa = PBXBuildFile; fileRef = 8478E7431E0937FC002D99D0 /* SDWebImageManager.m */; };
		8478E75D1E0937FC002D99D0 /* SDWebImagePrefetcher.m in Sources */ = {isa = PBXBuildFile; fileRef = 8478E7461E0937FC002D99D0 /* SDWebImagePrefetcher.m */; };
		8478E75E1E0937FC002D99D0 /* UIButton+WebCache.m in Sources */ = {isa = PBXBuildFile; fileRef = 8478E7481E0937FC002D99D0 /* UIButton+WebCache.m */; };
		8478E75F1E0937FC002D99D0 /* UIImage+GIF.m in Sources */ = {isa = PBXBuildFile; fileRef = 8478E74A1E0937FC002D99D0 /* UIImage+GIF.m */; };
		8478E7601E0937FC002D99D0 /* UIImage+MultiFormat.m in Sources */ = {isa = PBXBuildFile; fileRef = 8478E74C1E0937FC002D99D0 /* UIImage+MultiFormat.m */; };
		8478E7611E0937FC002D99D0 /* UIImage+WebP.m in Sources */ = {isa = PBXBuildFile; fileRef = 8478E74E1E0937FC002D99D0 /* UIImage+WebP.m */; };
		8478E7621E0937FC002D99D0 /* UIImageView+HighlightedWebCache.m in Sources */ = {isa = PBXBuildFile; fileRef = 8478E7501E0937FC002D99D0 /* UIImageView+HighlightedWebCache.m */; };
		8478E7631E0937FC002D99D0 /* UIImageView+WebCache.m in Sources */ = {isa = PBXBuildFile; fileRef = 8478E7521E0937FC002D99D0 /* UIImageView+WebCache.m */; };
		8478E7641E0937FC002D99D0 /* UIView+WebCacheOperation.m in Sources */ = {isa = PBXBuildFile; fileRef = 8478E7541E0937FC002D99D0 /* UIView+WebCacheOperation.m */; };
/* End PBXBuildFile section */

/* Begin PBXFileReference section */
		84666E321E1F54D00005D47A /* UIImage+extension.h */ = {isa = PBXFileReference; fileEncoding = 4; lastKnownFileType = sourcecode.c.h; path = "UIImage+extension.h"; sourceTree = "<group>"; };
		84666E331E1F54D00005D47A /* UIImage+extension.m */ = {isa = PBXFileReference; fileEncoding = 4; lastKnownFileType = sourcecode.c.objc; path = "UIImage+extension.m"; sourceTree = "<group>"; };
		8478E7151E0937A8002D99D0 /* radius.app */ = {isa = PBXFileReference; explicitFileType = wrapper.application; includeInIndex = 0; path = radius.app; sourceTree = BUILT_PRODUCTS_DIR; };
		8478E7191E0937A8002D99D0 /* main.m */ = {isa = PBXFileReference; lastKnownFileType = sourcecode.c.objc; path = main.m; sourceTree = "<group>"; };
		8478E71B1E0937A8002D99D0 /* AppDelegate.h */ = {isa = PBXFileReference; lastKnownFileType = sourcecode.c.h; path = AppDelegate.h; sourceTree = "<group>"; };
		8478E71C1E0937A8002D99D0 /* AppDelegate.m */ = {isa = PBXFileReference; lastKnownFileType = sourcecode.c.objc; path = AppDelegate.m; sourceTree = "<group>"; };
		8478E71E1E0937A8002D99D0 /* ViewController.h */ = {isa = PBXFileReference; lastKnownFileType = sourcecode.c.h; path = ViewController.h; sourceTree = "<group>"; };
		8478E71F1E0937A8002D99D0 /* ViewController.m */ = {isa = PBXFileReference; lastKnownFileType = sourcecode.c.objc; path = ViewController.m; sourceTree = "<group>"; };
		8478E7221E0937A8002D99D0 /* Base */ = {isa = PBXFileReference; lastKnownFileType = file.storyboard; name = Base; path = Base.lproj/Main.storyboard; sourceTree = "<group>"; };
		8478E7241E0937A8002D99D0 /* Assets.xcassets */ = {isa = PBXFileReference; lastKnownFileType = folder.assetcatalog; path = Assets.xcassets; sourceTree = "<group>"; };
		8478E7271E0937A8002D99D0 /* Base */ = {isa = PBXFileReference; lastKnownFileType = file.storyboard; name = Base; path = Base.lproj/LaunchScreen.storyboard; sourceTree = "<group>"; };
		8478E7291E0937A8002D99D0 /* Info.plist */ = {isa = PBXFileReference; lastKnownFileType = text.plist.xml; path = Info.plist; sourceTree = "<group>"; };
		8478E7341E0937FC002D99D0 /* MKAnnotationView+WebCache.h */ = {isa = PBXFileReference; fileEncoding = 4; lastKnownFileType = sourcecode.c.h; path = "MKAnnotationView+WebCache.h"; sourceTree = "<group>"; };
		8478E7351E0937FC002D99D0 /* MKAnnotationView+WebCache.m */ = {isa = PBXFileReference; fileEncoding = 4; lastKnownFileType = sourcecode.c.objc; path = "MKAnnotationView+WebCache.m"; sourceTree = "<group>"; };
		8478E7361E0937FC002D99D0 /* NSData+ImageContentType.h */ = {isa = PBXFileReference; fileEncoding = 4; lastKnownFileType = sourcecode.c.h; path = "NSData+ImageContentType.h"; sourceTree = "<group>"; };
		8478E7371E0937FC002D99D0 /* NSData+ImageContentType.m */ = {isa = PBXFileReference; fileEncoding = 4; lastKnownFileType = sourcecode.c.objc; path = "NSData+ImageContentType.m"; sourceTree = "<group>"; };
		8478E7381E0937FC002D99D0 /* SDImageCache.h */ = {isa = PBXFileReference; fileEncoding = 4; lastKnownFileType = sourcecode.c.h; path = SDImageCache.h; sourceTree = "<group>"; };
		8478E7391E0937FC002D99D0 /* SDImageCache.m */ = {isa = PBXFileReference; fileEncoding = 4; lastKnownFileType = sourcecode.c.objc; path = SDImageCache.m; sourceTree = "<group>"; };
		8478E73A1E0937FC002D99D0 /* SDWebImageCompat.h */ = {isa = PBXFileReference; fileEncoding = 4; lastKnownFileType = sourcecode.c.h; path = SDWebImageCompat.h; sourceTree = "<group>"; };
		8478E73B1E0937FC002D99D0 /* SDWebImageCompat.m */ = {isa = PBXFileReference; fileEncoding = 4; lastKnownFileType = sourcecode.c.objc; path = SDWebImageCompat.m; sourceTree = "<group>"; };
		8478E73C1E0937FC002D99D0 /* SDWebImageDecoder.h */ = {isa = PBXFileReference; fileEncoding = 4; lastKnownFileType = sourcecode.c.h; path = SDWebImageDecoder.h; sourceTree = "<group>"; };
		8478E73D1E0937FC002D99D0 /* SDWebImageDecoder.m */ = {isa = PBXFileReference; fileEncoding = 4; lastKnownFileType = sourcecode.c.objc; path = SDWebImageDecoder.m; sourceTree = "<group>"; };
		8478E73E1E0937FC002D99D0 /* SDWebImageDownloader.h */ = {isa = PBXFileReference; fileEncoding = 4; lastKnownFileType = sourcecode.c.h; path = SDWebImageDownloader.h; sourceTree = "<group>"; };
		8478E73F1E0937FC002D99D0 /* SDWebImageDownloader.m */ = {isa = PBXFileReference; fileEncoding = 4; lastKnownFileType = sourcecode.c.objc; path = SDWebImageDownloader.m; sourceTree = "<group>"; };
		8478E7401E0937FC002D99D0 /* SDWebImageDownloaderOperation.h */ = {isa = PBXFileReference; fileEncoding = 4; lastKnownFileType = sourcecode.c.h; path = SDWebImageDownloaderOperation.h; sourceTree = "<group>"; };
		8478E7411E0937FC002D99D0 /* SDWebImageDownloaderOperation.m */ = {isa = PBXFileReference; fileEncoding = 4; lastKnownFileType = sourcecode.c.objc; path = SDWebImageDownloaderOperation.m; sourceTree = "<group>"; };
		8478E7421E0937FC002D99D0 /* SDWebImageManager.h */ = {isa = PBXFileReference; fileEncoding = 4; lastKnownFileType = sourcecode.c.h; path = SDWebImageManager.h; sourceTree = "<group>"; };
		8478E7431E0937FC002D99D0 /* SDWebImageManager.m */ = {isa = PBXFileReference; fileEncoding = 4; lastKnownFileType = sourcecode.c.objc; path = SDWebImageManager.m; sourceTree = "<group>"; };
		8478E7441E0937FC002D99D0 /* SDWebImageOperation.h */ = {isa = PBXFileReference; fileEncoding = 4; lastKnownFileType = sourcecode.c.h; path = SDWebImageOperation.h; sourceTree = "<group>"; };
		8478E7451E0937FC002D99D0 /* SDWebImagePrefetcher.h */ = {isa = PBXFileReference; fileEncoding = 4; lastKnownFileType = sourcecode.c.h; path = SDWebImagePrefetcher.h; sourceTree = "<group>"; };
		8478E7461E0937FC002D99D0 /* SDWebImagePrefetcher.m */ = {isa = PBXFileReference; fileEncoding = 4; lastKnownFileType = sourcecode.c.objc; path = SDWebImagePrefetcher.m; sourceTree = "<group>"; };
		8478E7471E0937FC002D99D0 /* UIButton+WebCache.h */ = {isa = PBXFileReference; fileEncoding = 4; lastKnownFileType = sourcecode.c.h; path = "UIButton+WebCache.h"; sourceTree = "<group>"; };
		8478E7481E0937FC002D99D0 /* UIButton+WebCache.m */ = {isa = PBXFileReference; fileEncoding = 4; lastKnownFileType = sourcecode.c.objc; path = "UIButton+WebCache.m"; sourceTree = "<group>"; };
		8478E7491E0937FC002D99D0 /* UIImage+GIF.h */ = {isa = PBXFileReference; fileEncoding = 4; lastKnownFileType = sourcecode.c.h; path = "UIImage+GIF.h"; sourceTree = "<group>"; };
		8478E74A1E0937FC002D99D0 /* UIImage+GIF.m */ = {isa = PBXFileReference; fileEncoding = 4; lastKnownFileType = sourcecode.c.objc; path = "UIImage+GIF.m"; sourceTree = "<group>"; };
		8478E74B1E0937FC002D99D0 /* UIImage+MultiFormat.h */ = {isa = PBXFileReference; fileEncoding = 4; lastKnownFileType = sourcecode.c.h; path = "UIImage+MultiFormat.h"; sourceTree = "<group>"; };
		8478E74C1E0937FC002D99D0 /* UIImage+MultiFormat.m */ = {isa = PBXFileReference; fileEncoding = 4; lastKnownFileType = sourcecode.c.objc; path = "UIImage+MultiFormat.m"; sourceTree = "<group>"; };
		8478E74D1E0937FC002D99D0 /* UIImage+WebP.h */ = {isa = PBXFileReference; fileEncoding = 4; lastKnownFileType = sourcecode.c.h; path = "UIImage+WebP.h"; sourceTree = "<group>"; };
		8478E74E1E0937FC002D99D0 /* UIImage+WebP.m */ = {isa = PBXFileReference; fileEncoding = 4; lastKnownFileType = sourcecode.c.objc; path = "UIImage+WebP.m"; sourceTree = "<group>"; };
		8478E74F1E0937FC002D99D0 /* UIImageView+HighlightedWebCache.h */ = {isa = PBXFileReference; fileEncoding = 4; lastKnownFileType = sourcecode.c.h; path = "UIImageView+HighlightedWebCache.h"; sourceTree = "<group>"; };
		8478E7501E0937FC002D99D0 /* UIImageView+HighlightedWebCache.m */ = {isa = PBXFileReference; fileEncoding = 4; lastKnownFileType = sourcecode.c.objc; path = "UIImageView+HighlightedWebCache.m"; sourceTree = "<group>"; };
		8478E7511E0937FC002D99D0 /* UIImageView+WebCache.h */ = {isa = PBXFileReference; fileEncoding = 4; lastKnownFileType = sourcecode.c.h; path = "UIImageView+WebCache.h"; sourceTree = "<group>"; };
		8478E7521E0937FC002D99D0 /* UIImageView+WebCache.m */ = {isa = PBXFileReference; fileEncoding = 4; lastKnownFileType = sourcecode.c.objc; path = "UIImageView+WebCache.m"; sourceTree = "<group>"; };
		8478E7531E0937FC002D99D0 /* UIView+WebCacheOperation.h */ = {isa = PBXFileReference; fileEncoding = 4; lastKnownFileType = sourcecode.c.h; path = "UIView+WebCacheOperation.h"; sourceTree = "<group>"; };
		8478E7541E0937FC002D99D0 /* UIView+WebCacheOperation.m */ = {isa = PBXFileReference; fileEncoding = 4; lastKnownFileType = sourcecode.c.objc; path = "UIView+WebCacheOperation.m"; sourceTree = "<group>"; };
/* End PBXFileReference section */

/* Begin PBXFrameworksBuildPhase section */
		8478E7121E0937A8002D99D0 /* Frameworks */ = {
			isa = PBXFrameworksBuildPhase;
			buildActionMask = 2147483647;
			files = (
			);
			runOnlyForDeploymentPostprocessing = 0;
		};
/* End PBXFrameworksBuildPhase section */

/* Begin PBXGroup section */
		84666E311E1F54D00005D47A /* RoundImage */ = {
			isa = PBXGroup;
			children = (
				84666E321E1F54D00005D47A /* UIImage+extension.h */,
				84666E331E1F54D00005D47A /* UIImage+extension.m */,
			);
			path = RoundImage;
			sourceTree = "<group>";
		};
		8478E70C1E0937A8002D99D0 = {
			isa = PBXGroup;
			children = (
				8478E7171E0937A8002D99D0 /* radius */,
				8478E7161E0937A8002D99D0 /* Products */,
			);
			sourceTree = "<group>";
		};
		8478E7161E0937A8002D99D0 /* Products */ = {
			isa = PBXGroup;
			children = (
				8478E7151E0937A8002D99D0 /* radius.app */,
			);
			name = Products;
			sourceTree = "<group>";
		};
		8478E7171E0937A8002D99D0 /* radius */ = {
			isa = PBXGroup;
			children = (
				8478E7321E0937FC002D99D0 /* lib */,
				8478E71B1E0937A8002D99D0 /* AppDelegate.h */,
				8478E71C1E0937A8002D99D0 /* AppDelegate.m */,
				8478E71E1E0937A8002D99D0 /* ViewController.h */,
				8478E71F1E0937A8002D99D0 /* ViewController.m */,
				8478E7211E0937A8002D99D0 /* Main.storyboard */,
				8478E7241E0937A8002D99D0 /* Assets.xcassets */,
				8478E7261E0937A8002D99D0 /* LaunchScreen.storyboard */,
				8478E7291E0937A8002D99D0 /* Info.plist */,
				8478E7181E0937A8002D99D0 /* Supporting Files */,
			);
			path = radius;
			sourceTree = "<group>";
		};
		8478E7181E0937A8002D99D0 /* Supporting Files */ = {
			isa = PBXGroup;
			children = (
				8478E7191E0937A8002D99D0 /* main.m */,
			);
			name = "Supporting Files";
			sourceTree = "<group>";
		};
		8478E7321E0937FC002D99D0 /* lib */ = {
			isa = PBXGroup;
			children = (
				84666E311E1F54D00005D47A /* RoundImage */,
				8478E7331E0937FC002D99D0 /* SDWebImage */,
			);
			path = lib;
			sourceTree = "<group>";
		};
		8478E7331E0937FC002D99D0 /* SDWebImage */ = {
			isa = PBXGroup;
			children = (
				8478E7341E0937FC002D99D0 /* MKAnnotationView+WebCache.h */,
				8478E7351E0937FC002D99D0 /* MKAnnotationView+WebCache.m */,
				8478E7361E0937FC002D99D0 /* NSData+ImageContentType.h */,
				8478E7371E0937FC002D99D0 /* NSData+ImageContentType.m */,
				8478E7381E0937FC002D99D0 /* SDImageCache.h */,
				8478E7391E0937FC002D99D0 /* SDImageCache.m */,
				8478E73A1E0937FC002D99D0 /* SDWebImageCompat.h */,
				8478E73B1E0937FC002D99D0 /* SDWebImageCompat.m */,
				8478E73C1E0937FC002D99D0 /* SDWebImageDecoder.h */,
				8478E73D1E0937FC002D99D0 /* SDWebImageDecoder.m */,
				8478E73E1E0937FC002D99D0 /* SDWebImageDownloader.h */,
				8478E73F1E0937FC002D99D0 /* SDWebImageDownloader.m */,
				8478E7401E0937FC002D99D0 /* SDWebImageDownloaderOperation.h */,
				8478E7411E0937FC002D99D0 /* SDWebImageDownloaderOperation.m */,
				8478E7421E0937FC002D99D0 /* SDWebImageManager.h */,
				8478E7431E0937FC002D99D0 /* SDWebImageManager.m */,
				8478E7441E0937FC002D99D0 /* SDWebImageOperation.h */,
				8478E7451E0937FC002D99D0 /* SDWebImagePrefetcher.h */,
				8478E7461E0937FC002D99D0 /* SDWebImagePrefetcher.m */,
				8478E7471E0937FC002D99D0 /* UIButton+WebCache.h */,
				8478E7481E0937FC002D99D0 /* UIButton+WebCache.m */,
				8478E7491E0937FC002D99D0 /* UIImage+GIF.h */,
				8478E74A1E0937FC002D99D0 /* UIImage+GIF.m */,
				8478E74B1E0937FC002D99D0 /* UIImage+MultiFormat.h */,
				8478E74C1E0937FC002D99D0 /* UIImage+MultiFormat.m */,
				8478E74D1E0937FC002D99D0 /* UIImage+WebP.h */,
				8478E74E1E0937FC002D99D0 /* UIImage+WebP.m */,
				8478E74F1E0937FC002D99D0 /* UIImageView+HighlightedWebCache.h */,
				8478E7501E0937FC002D99D0 /* UIImageView+HighlightedWebCache.m */,
				8478E7511E0937FC002D99D0 /* UIImageView+WebCache.h */,
				8478E7521E0937FC002D99D0 /* UIImageView+WebCache.m */,
				8478E7531E0937FC002D99D0 /* UIView+WebCacheOperation.h */,
				8478E7541E0937FC002D99D0 /* UIView+WebCacheOperation.m */,
			);
			path = SDWebImage;
			sourceTree = "<group>";
		};
/* End PBXGroup section */

/* Begin PBXNativeTarget section */
		8478E7141E0937A8002D99D0 /* radius */ = {
			isa = PBXNativeTarget;
			buildConfigurationList = 8478E72C1E0937A8002D99D0 /* Build configuration list for PBXNativeTarget "radius" */;
			buildPhases = (
				8478E7111E0937A8002D99D0 /* Sources */,
				8478E7121E0937A8002D99D0 /* Frameworks */,
				8478E7131E0937A8002D99D0 /* Resources */,
			);
			buildRules = (
			);
			dependencies = (
			);
			name = radius;
			productName = radius;
			productReference = 8478E7151E0937A8002D99D0 /* radius.app */;
			productType = "com.apple.product-type.application";
		};
/* End PBXNativeTarget section */

/* Begin PBXProject section */
		8478E70D1E0937A8002D99D0 /* Project object */ = {
			isa = PBXProject;
			attributes = {
				LastUpgradeCheck = 0800;
				ORGANIZATIONNAME = admin;
				TargetAttributes = {
					8478E7141E0937A8002D99D0 = {
						CreatedOnToolsVersion = 8.0;
						ProvisioningStyle = Automatic;
					};
				};
			};
			buildConfigurationList = 8478E7101E0937A8002D99D0 /* Build configuration list for PBXProject "radius" */;
			compatibilityVersion = "Xcode 3.2";
			developmentRegion = English;
			hasScannedForEncodings = 0;
			knownRegions = (
				en,
				Base,
			);
			mainGroup = 8478E70C1E0937A8002D99D0;
			productRefGroup = 8478E7161E0937A8002D99D0 /* Products */;
			projectDirPath = "";
			projectRoot = "";
			targets = (
				8478E7141E0937A8002D99D0 /* radius */,
			);
		};
/* End PBXProject section */

/* Begin PBXResourcesBuildPhase section */
		8478E7131E0937A8002D99D0 /* Resources */ = {
			isa = PBXResourcesBuildPhase;
			buildActionMask = 2147483647;
			files = (
				8478E7281E0937A8002D99D0 /* LaunchScreen.storyboard in Resources */,
				8478E7251E0937A8002D99D0 /* Assets.xcassets in Resources */,
				8478E7231E0937A8002D99D0 /* Main.storyboard in Resources */,
			);
			runOnlyForDeploymentPostprocessing = 0;
		};
/* End PBXResourcesBuildPhase section */

/* Begin PBXSourcesBuildPhase section */
		8478E7111E0937A8002D99D0 /* Sources */ = {
			isa = PBXSourcesBuildPhase;
			buildActionMask = 2147483647;
			files = (
				8478E7621E0937FC002D99D0 /* UIImageView+HighlightedWebCache.m in Sources */,
				8478E7601E0937FC002D99D0 /* UIImage+MultiFormat.m in Sources */,
				8478E75B1E0937FC002D99D0 /* SDWebImageDownloaderOperation.m in Sources */,
				8478E7201E0937A8002D99D0 /* ViewController.m in Sources */,
				8478E7581E0937FC002D99D0 /* SDWebImageCompat.m in Sources */,
				8478E75F1E0937FC002D99D0 /* UIImage+GIF.m in Sources */,
				8478E75D1E0937FC002D99D0 /* SDWebImagePrefetcher.m in Sources */,
				84666E341E1F54D00005D47A /* UIImage+extension.m in Sources */,
				8478E71D1E0937A8002D99D0 /* AppDelegate.m in Sources */,
				8478E71A1E0937A8002D99D0 /* main.m in Sources */,
				8478E7611E0937FC002D99D0 /* UIImage+WebP.m in Sources */,
				8478E7631E0937FC002D99D0 /* UIImageView+WebCache.m in Sources */,
				8478E75A1E0937FC002D99D0 /* SDWebImageDownloader.m in Sources */,
				8478E7641E0937FC002D99D0 /* UIView+WebCacheOperation.m in Sources */,
				8478E75E1E0937FC002D99D0 /* UIButton+WebCache.m in Sources */,
				8478E7551E0937FC002D99D0 /* MKAnnotationView+WebCache.m in Sources */,
				8478E7561E0937FC002D99D0 /* NSData+ImageContentType.m in Sources */,
				8478E75C1E0937FC002D99D0 /* SDWebImageManager.m in Sources */,
				8478E7591E0937FC002D99D0 /* SDWebImageDecoder.m in Sources */,
				8478E7571E0937FC002D99D0 /* SDImageCache.m in Sources */,
			);
			runOnlyForDeploymentPostprocessing = 0;
		};
/* End PBXSourcesBuildPhase section */

/* Begin PBXVariantGroup section */
		8478E7211E0937A8002D99D0 /* Main.storyboard */ = {
			isa = PBXVariantGroup;
			children = (
				8478E7221E0937A8002D99D0 /* Base */,
			);
			name = Main.storyboard;
			sourceTree = "<group>";
		};
		8478E7261E0937A8002D99D0 /* LaunchScreen.storyboard */ = {
			isa = PBXVariantGroup;
			children = (
				8478E7271E0937A8002D99D0 /* Base */,
			);
			name = LaunchScreen.storyboard;
			sourceTree = "<group>";
		};
/* End PBXVariantGroup section */

/* Begin XCBuildConfiguration section */
		8478E72A1E0937A8002D99D0 /* Debug */ = {
			isa = XCBuildConfiguration;
			buildSettings = {
				ALWAYS_SEARCH_USER_PATHS = NO;
				CLANG_ANALYZER_NONNULL = YES;
				CLANG_CXX_LANGUAGE_STANDARD = "gnu++0x";
				CLANG_CXX_LIBRARY = "libc++";
				CLANG_ENABLE_MODULES = YES;
				CLANG_ENABLE_OBJC_ARC = YES;
				CLANG_WARN_BOOL_CONVERSION = YES;
				CLANG_WARN_CONSTANT_CONVERSION = YES;
				CLANG_WARN_DIRECT_OBJC_ISA_USAGE = YES_ERROR;
				CLANG_WARN_DOCUMENTATION_COMMENTS = YES;
				CLANG_WARN_EMPTY_BODY = YES;
				CLANG_WARN_ENUM_CONVERSION = YES;
				CLANG_WARN_INFINITE_RECURSION = YES;
				CLANG_WARN_INT_CONVERSION = YES;
				CLANG_WARN_OBJC_ROOT_CLASS = YES_ERROR;
				CLANG_WARN_SUSPICIOUS_MOVES = YES;
				CLANG_WARN_UNREACHABLE_CODE = YES;
				CLANG_WARN__DUPLICATE_METHOD_MATCH = YES;
				"CODE_SIGN_IDENTITY[sdk=iphoneos*]" = "iPhone Developer";
				COPY_PHASE_STRIP = NO;
				DEBUG_INFORMATION_FORMAT = dwarf;
				ENABLE_STRICT_OBJC_MSGSEND = YES;
				ENABLE_TESTABILITY = YES;
				GCC_C_LANGUAGE_STANDARD = gnu99;
				GCC_DYNAMIC_NO_PIC = NO;
				GCC_NO_COMMON_BLOCKS = YES;
				GCC_OPTIMIZATION_LEVEL = 0;
				GCC_PREPROCESSOR_DEFINITIONS = (
					"DEBUG=1",
					"$(inherited)",
				);
				GCC_WARN_64_TO_32_BIT_CONVERSION = YES;
				GCC_WARN_ABOUT_RETURN_TYPE = YES_ERROR;
				GCC_WARN_UNDECLARED_SELECTOR = YES;
				GCC_WARN_UNINITIALIZED_AUTOS = YES_AGGRESSIVE;
				GCC_WARN_UNUSED_FUNCTION = YES;
				GCC_WARN_UNUSED_VARIABLE = YES;
				IPHONEOS_DEPLOYMENT_TARGET = 10.0;
				MTL_ENABLE_DEBUG_INFO = YES;
				ONLY_ACTIVE_ARCH = YES;
				SDKROOT = iphoneos;
			};
			name = Debug;
		};
		8478E72B1E0937A8002D99D0 /* Release */ = {
			isa = XCBuildConfiguration;
			buildSettings = {
				ALWAYS_SEARCH_USER_PATHS = NO;
				CLANG_ANALYZER_NONNULL = YES;
				CLANG_CXX_LANGUAGE_STANDARD = "gnu++0x";
				CLANG_CXX_LIBRARY = "libc++";
				CLANG_ENABLE_MODULES = YES;
				CLANG_ENABLE_OBJC_ARC = YES;
				CLANG_WARN_BOOL_CONVERSION = YES;
				CLANG_WARN_CONSTANT_CONVERSION = YES;
				CLANG_WARN_DIRECT_OBJC_ISA_USAGE = YES_ERROR;
				CLANG_WARN_DOCUMENTATION_COMMENTS = YES;
				CLANG_WARN_EMPTY_BODY = YES;
				CLANG_WARN_ENUM_CONVERSION = YES;
				CLANG_WARN_INFINITE_RECURSION = YES;
				CLANG_WARN_INT_CONVERSION = YES;
				CLANG_WARN_OBJC_ROOT_CLASS = YES_ERROR;
				CLANG_WARN_SUSPICIOUS_MOVES = YES;
				CLANG_WARN_UNREACHABLE_CODE = YES;
				CLANG_WARN__DUPLICATE_METHOD_MATCH = YES;
				"CODE_SIGN_IDENTITY[sdk=iphoneos*]" = "iPhone Developer";
				COPY_PHASE_STRIP = NO;
				DEBUG_INFORMATION_FORMAT = "dwarf-with-dsym";
				ENABLE_NS_ASSERTIONS = NO;
				ENABLE_STRICT_OBJC_MSGSEND = YES;
				GCC_C_LANGUAGE_STANDARD = gnu99;
				GCC_NO_COMMON_BLOCKS = YES;
				GCC_WARN_64_TO_32_BIT_CONVERSION = YES;
				GCC_WARN_ABOUT_RETURN_TYPE = YES_ERROR;
				GCC_WARN_UNDECLARED_SELECTOR = YES;
				GCC_WARN_UNINITIALIZED_AUTOS = YES_AGGRESSIVE;
				GCC_WARN_UNUSED_FUNCTION = YES;
				GCC_WARN_UNUSED_VARIABLE = YES;
				IPHONEOS_DEPLOYMENT_TARGET = 10.0;
				MTL_ENABLE_DEBUG_INFO = NO;
				SDKROOT = iphoneos;
				VALIDATE_PRODUCT = YES;
			};
			name = Release;
		};
		8478E72D1E0937A8002D99D0 /* Debug */ = {
			isa = XCBuildConfiguration;
			buildSettings = {
				ASSETCATALOG_COMPILER_APPICON_NAME = AppIcon;
				INFOPLIST_FILE = radius/Info.plist;
				IPHONEOS_DEPLOYMENT_TARGET = 8.0;
				LD_RUNPATH_SEARCH_PATHS = "$(inherited) @executable_path/Frameworks";
				PRODUCT_BUNDLE_IDENTIFIER = Lily.radius;
				PRODUCT_NAME = "$(TARGET_NAME)";
			};
			name = Debug;
		};
		8478E72E1E0937A8002D99D0 /* Release */ = {
			isa = XCBuildConfiguration;
			buildSettings = {
				ASSETCATALOG_COMPILER_APPICON_NAME = AppIcon;
				INFOPLIST_FILE = radius/Info.plist;
				IPHONEOS_DEPLOYMENT_TARGET = 8.0;
				LD_RUNPATH_SEARCH_PATHS = "$(inherited) @executable_path/Frameworks";
				PRODUCT_BUNDLE_IDENTIFIER = Lily.radius;
				PRODUCT_NAME = "$(TARGET_NAME)";
			};
			name = Release;
		};
/* End XCBuildConfiguration section */

/* Begin XCConfigurationList section */
		8478E7101E0937A8002D99D0 /* Build configuration list for PBXProject "radius" */ = {
			isa = XCConfigurationList;
			buildConfigurations = (
				8478E72A1E0937A8002D99D0 /* Debug */,
				8478E72B1E0937A8002D99D0 /* Release */,
			);
			defaultConfigurationIsVisible = 0;
			defaultConfigurationName = Release;
		};
		8478E72C1E0937A8002D99D0 /* Build configuration list for PBXNativeTarget "radius" */ = {
			isa = XCConfigurationList;
			buildConfigurations = (
				8478E72D1E0937A8002D99D0 /* Debug */,
				8478E72E1E0937A8002D99D0 /* Release */,
			);
			defaultConfigurationIsVisible = 0;
			defaultConfigurationName = Release;
		};
/* End XCConfigurationList section */
	};
	rootObject = 8478E70D1E0937A8002D99D0 /* Project object */;
}
